
Microsoft Visual Studio Solution File, Format Version 12.00
# Visual Studio Version 16
VisualStudioVersion = 16.0.32228.343
MinimumVisualStudioVersion = 10.0.40219.1
Project("{FAE04EC0-301F-11D3-BF4B-00C04F79EFBC}") = "ConsoleApp1", "ConsoleApp1\ConsoleApp1.csproj", "{9808931B-AF72-4E79-9013-E3D2148500F2}"
EndProject
Global
	GlobalSection(SolutionConfigurationPlatforms) = preSolution
		Debug|Any CPU = Debug|Any CPU
		Release|Any CPU = Release|Any CPU
	EndGlobalSection
	GlobalSection(ProjectConfigurationPlatforms) = postSolution
		{9808931B-AF72-4E79-9013-E3D2148500F2}.Debug|Any CPU.ActiveCfg = Debug|Any CPU
		{9808931B-AF72-4E79-9013-E3D2148500F2}.Debug|Any CPU.Build.0 = Debug|Any CPU
		{9808931B-AF72-4E79-9013-E3D2148500F2}.Release|Any CPU.ActiveCfg = Release|Any CPU
		{9808931B-AF72-4E79-9013-E3D2148500F2}.Release|Any CPU.Build.0 = Release|Any CPU
	EndGlobalSection
	GlobalSection(SolutionProperties) = preSolution
		HideSolutionNode = FALSE
	EndGlobalSection
	GlobalSection(ExtensibilityGlobals) = postSolution
		SolutionGuid = {C2403619-11B3-498A-A037-5B2EC5DC0FC9}
	EndGlobalSection
EndGlobal
